
Microsoft Visual Studio Solution File, Format Version 12.00
# Visual Studio 15
VisualStudioVersion = 15.0.28307.1300
MinimumVisualStudioVersion = 10.0.40219.1
Project("{FAE04EC0-301F-11D3-BF4B-00C04F79EFBC}") = "FinalSIM", "FinalSIM\FinalSIM.csproj", "{5DFBFD07-6A06-4406-902C-109B04DB1976}"
EndProject
Global
	GlobalSection(SolutionConfigurationPlatforms) = preSolution
		Debug|Any CPU = Debug|Any CPU
		Release|Any CPU = Release|Any CPU
	EndGlobalSection
	GlobalSection(ProjectConfigurationPlatforms) = postSolution
		{5DFBFD07-6A06-4406-902C-109B04DB1976}.Debug|Any CPU.ActiveCfg = Debug|Any CPU
		{5DFBFD07-6A06-4406-902C-109B04DB1976}.Debug|Any CPU.Build.0 = Debug|Any CPU
		{5DFBFD07-6A06-4406-902C-109B04DB1976}.Release|Any CPU.ActiveCfg = Release|Any CPU
		{5DFBFD07-6A06-4406-902C-109B04DB1976}.Release|Any CPU.Build.0 = Release|Any CPU
	EndGlobalSection
	GlobalSection(SolutionProperties) = preSolution
		HideSolutionNode = FALSE
	EndGlobalSection
	GlobalSection(ExtensibilityGlobals) = postSolution
		SolutionGuid = {A538225D-0C12-4A95-BB39-0A77AD61EE5B}
	EndGlobalSection
EndGlobal
